
Microsoft Visual Studio Solution File, Format Version 12.00
# Visual Studio 15
VisualStudioVersion = 15.0.28010.2046
MinimumVisualStudioVersion = 10.0.40219.1
Project("{FAE04EC0-301F-11D3-BF4B-00C04F79EFBC}") = "LimitlessTerror", "LimitlessTerror\LimitlessTerror.csproj", "{EA26B95B-F014-473B-A914-F764A71CC8A4}"
EndProject
Global
	GlobalSection(SolutionConfigurationPlatforms) = preSolution
		Debug|Any CPU = Debug|Any CPU
		Release|Any CPU = Release|Any CPU
	EndGlobalSection
	GlobalSection(ProjectConfigurationPlatforms) = postSolution
		{EA26B95B-F014-473B-A914-F764A71CC8A4}.Debug|Any CPU.ActiveCfg = Debug|Any CPU
		{EA26B95B-F014-473B-A914-F764A71CC8A4}.Debug|Any CPU.Build.0 = Debug|Any CPU
		{EA26B95B-F014-473B-A914-F764A71CC8A4}.Release|Any CPU.ActiveCfg = Release|Any CPU
		{EA26B95B-F014-473B-A914-F764A71CC8A4}.Release|Any CPU.Build.0 = Release|Any CPU
	EndGlobalSection
	GlobalSection(SolutionProperties) = preSolution
		HideSolutionNode = FALSE
	EndGlobalSection
	GlobalSection(ExtensibilityGlobals) = postSolution
		SolutionGuid = {81F9AE52-8F8B-438B-9FE3-96B859AC8932}
	EndGlobalSection
EndGlobal
